
Microsoft Visual Studio Solution File, Format Version 12.00
# Visual Studio Version 17
VisualStudioVersion = 17.10.35027.167
MinimumVisualStudioVersion = 10.0.40219.1
Project("{FAE04EC0-301F-11D3-BF4B-00C04F79EFBC}") = "msbuildparser", "msbuildparser\msbuildparser.csproj", "{F5887F42-9092-4C5A-A17C-823BC4D2A0A4}"
EndProject
Global
	GlobalSection(SolutionConfigurationPlatforms) = preSolution
		Debug|Any CPU = Debug|Any CPU
		Release|Any CPU = Release|Any CPU
	EndGlobalSection
	GlobalSection(ProjectConfigurationPlatforms) = postSolution
		{F5887F42-9092-4C5A-A17C-823BC4D2A0A4}.Debug|Any CPU.ActiveCfg = Debug|Any CPU
		{F5887F42-9092-4C5A-A17C-823BC4D2A0A4}.Debug|Any CPU.Build.0 = Debug|Any CPU
		{F5887F42-9092-4C5A-A17C-823BC4D2A0A4}.Release|Any CPU.ActiveCfg = Release|Any CPU
		{F5887F42-9092-4C5A-A17C-823BC4D2A0A4}.Release|Any CPU.Build.0 = Release|Any CPU
	EndGlobalSection
	GlobalSection(SolutionProperties) = preSolution
		HideSolutionNode = FALSE
	EndGlobalSection
	GlobalSection(ExtensibilityGlobals) = postSolution
		SolutionGuid = {8EC3E680-BB32-43CE-9923-EF9143551582}
	EndGlobalSection
EndGlobal
